{
  "version": "5",
  "specifiers": {
    "jsr:@std/assert@1": "1.0.19",
    "jsr:@std/internal@^1.0.12": "1.0.14",
    "npm:@hono/swagger-ui@~0.6.1": "0.6.1_hono@4.12.31",
    "npm:@hono/zod-openapi@^1.5.1": "1.5.1_hono@4.12.31_zod@4.4.3",
    "npm:@hono/zod-validator@0.9": "0.9.0_hono@4.12.31_zod@4.4.3",
    "npm:@prisma/client@^7.9.0": "7.9.0_prisma@7.9.0__@types+react@19.2.17__react@19.2.8__react-dom@19.2.8___react@19.2.8",
    "npm:hono@^4.12.31": "4.12.31",
    "npm:prisma@*": "7.9.0_@types+react@19.2.17_react@19.2.8_react-dom@19.2.8__react@19.2.8",
    "npm:prisma@^7.9.0": "7.9.0_@types+react@19.2.17_react@19.2.8_react-dom@19.2.8__react@19.2.8",
    "npm:zod@^4.4.3": "4.4.3"
  },
  "jsr": {
    "@std/assert@1.0.19": {
      "integrity": "eaada96ee120cb980bc47e040f82814d786fe8162ecc53c91d8df60b8755991e",
      "dependencies": [
        "jsr:@std/internal"
      ]
    },
    "@std/internal@1.0.14": {
      "integrity": "291516b3d4c35024d6ffbc0a9df5bf4c64116e05b50012cf846710152d2ffdf7"
    }
  },
  "npm": {
    "@asteasolutions/zod-to-openapi@8.5.0_zod@4.4.3": {
      "integrity": "sha512-SABbKiObg5dLRiTFnqiW1WWwGcg1BJfmHtT2asIBnBHg6Smy/Ms2KHc650+JI4Hw7lSkdiNebEGXpwoxfben8Q==",
      "dependencies": [
        "openapi3-ts",
        "zod"
      ]
    },
    "@electric-sql/pglite-socket@0.1.3_@electric-sql+pglite@0.4.3": {
      "integrity": "sha512-LAciWM0M1dCL8hlsxu2venbVZcdxema0BtDfpWYVqr+Y468UADw0pFWidhKw1M8sfJ8rdLT71tjMmnirf/IZRQ==",
      "dependencies": [
        "@electric-sql/pglite"
      ],
      "bin": true
    },
    "@electric-sql/pglite-tools@0.3.3_@electric-sql+pglite@0.4.3": {
      "integrity": "sha512-AlzLJTRJ8+UFgK8CmxIpyIpJ0+YaFw02IiOSdYrqxwPXdSyeIShz8aa9Tq+tYFXdPwcaMp/Fc80mQZ1dkOQ/wg==",
      "dependencies": [
        "@electric-sql/pglite"
      ]
    },
    "@electric-sql/pglite@0.4.3": {
      "integrity": "sha512-ichuWTgtd4mOM1G4SpyGJa5trT03lWbMypDV0fUXUCXg5hiHqVAz/bZyV68NqmkLB7WcYmj1RMJVSp8HV/v/ZQ=="
    },
    "@hono/swagger-ui@0.6.1_hono@4.12.31": {
      "integrity": "sha512-sJTvldu1GPeEPfyeLG7gRj+W4vEuD+JDi+JjJ3TJs/DvMUtBLs0KJO5yokGegWWdy5qrbdnQGekbhgNRmPmYKQ==",
      "dependencies": [
        "hono"
      ]
    },
    "@hono/zod-openapi@1.5.1_hono@4.12.31_zod@4.4.3": {
      "integrity": "sha512-ZaDdEIkn6PEGjIYHXJeyByg6yhvLzI+UXn968pWtahpwcQ6HMjQYXI3zNffTl0Wl9QZ79nUnGqiN1erEIu23fA==",
      "dependencies": [
        "@asteasolutions/zod-to-openapi",
        "@hono/zod-validator",
        "hono",
        "openapi3-ts",
        "zod"
      ]
    },
    "@hono/zod-validator@0.9.0_hono@4.12.31_zod@4.4.3": {
      "integrity": "sha512-n0ZSXmCiHVIp4Y5wlOOyZCeTd/rsawA/qW1cipB8QOYKZ9N8Tk0nZUZCXho9cu374AN4JpDNKioNKBJ/W+LBug==",
      "dependencies": [
        "hono",
        "zod"
      ]
    },
    "@prisma/client-runtime-utils@7.9.0": {
      "integrity": "sha512-kMVmS4ZEy3xlkca+TfxOEm/ToVVlOS2x1Tc6/wIRf/HfczBqENtSPcKszy4ZpFNzjJ8SRKvlU5V0rrpoFw2KOg=="
    },
    "@prisma/client@7.9.0_prisma@7.9.0__@types+react@19.2.17__react@19.2.8__react-dom@19.2.8___react@19.2.8": {
      "integrity": "sha512-BTG/mB+WL/1sD2gWwdNc2uuVJjNNBgCDlPFdjco6jJArgbg4IAChtzVeW4debFa/NKBbsGedCjET316sjllWTQ==",
      "dependencies": [
        "@prisma/client-runtime-utils",
        "prisma"
      ],
      "optionalPeers": [
        "prisma"
      ]
    },
    "@prisma/config@7.9.0": {
      "integrity": "sha512-CsoK2mhl0u+N4/8V+XroQMOUNIic4isqD+E2HBG8l1yGEKo62CFDu3FHo0FdwItjl6XkW+omA1STSzeN1DAXlg==",
      "dependencies": [
        "c12",
        "deepmerge-ts",
        "effect",
        "empathic"
      ]
    },
    "@prisma/debug@7.2.0": {
      "integrity": "sha512-YSGTiSlBAVJPzX4ONZmMotL+ozJwQjRmZweQNIq/ER0tQJKJynNkRB3kyvt37eOfsbMCXk3gnLF6J9OJ4QWftw=="
    },
    "@prisma/debug@7.9.0": {
      "integrity": "sha512-i0KdVQuKUE6N9NloHs+sUNAk2c9svR3myBndQbA3BoeoArsSpwtNgTdHZL+wBtCLCcdS2OOC/PKhgTe36jkF5A=="
    },
    "@prisma/dev@0.24.14": {
      "integrity": "sha512-NhFO49O2JPTdzYiLHvceQn/HiwmcKF/iGV39ko3CpYsoGqS3rz3ko6gzuxFSIeHNwNJeuNcDexyyGeTO3DW80A==",
      "dependencies": [
        "@electric-sql/pglite",
        "@electric-sql/pglite-socket",
        "@electric-sql/pglite-tools",
        "@prisma/get-platform@7.2.0",
        "@prisma/query-plan-executor",
        "@prisma/streams-local",
        "find-my-way",
        "foreground-child",
        "get-port-please",
        "pathe",
        "proper-lockfile",
        "remeda",
        "std-env",
        "valibot",
        "zeptomatch"
      ]
    },
    "@prisma/engines-version@7.9.0-1.e922089b7d7502aff4249d5da3420f6fa55fc6ad": {
      "integrity": "sha512-2BsPPFksz3CQUXG6af3rVCtJKg6+JJGJTtfgu2fU8DdXhOfkBjulCq8mwybCd6ge0/jhZq2kOtLAbmUDMyI1nA=="
    },
    "@prisma/engines@7.9.0": {
      "integrity": "sha512-lDWJp/pgSWCLfYsupmmNo96jfsbQnH1yjia8XVM2Kh8nRZhD0bQU2jCHuy3ZTPMLR3apRD3k145ybENalAYjYw==",
      "dependencies": [
        "@prisma/debug@7.9.0",
        "@prisma/engines-version",
        "@prisma/fetch-engine",
        "@prisma/get-platform@7.9.0"
      ],
      "scripts": true
    },
    "@prisma/fetch-engine@7.9.0": {
      "integrity": "sha512-F0XlIgjbE3EywRVR/HpCerNI/dxo40vK66tHcWpsWYwH/Jk9+FsICEzATeMsZ7bdnpZz93hkD4sAb5rKLsCCpA==",
      "dependencies": [
        "@prisma/debug@7.9.0",
        "@prisma/engines-version",
        "@prisma/get-platform@7.9.0"
      ]
    },
    "@prisma/get-platform@7.2.0": {
      "integrity": "sha512-k1V0l0Td1732EHpAfi2eySTezyllok9dXb6UQanajkJQzPUGi3vO2z7jdkz67SypFTdmbnyGYxvEvYZdZsMAVA==",
      "dependencies": [
        "@prisma/debug@7.2.0"
      ]
    },
    "@prisma/get-platform@7.9.0": {
      "integrity": "sha512-4awv6ATdgrHdLms0XKikCyfArn8BrUHZfqg0mtCKrI4+WJe24nmpsdwsypM9ozd03wa846AngY+zSbnngkMrXQ==",
      "dependencies": [
        "@prisma/debug@7.9.0"
      ]
    },
    "@prisma/query-plan-executor@7.2.0": {
      "integrity": "sha512-EOZmNzcV8uJ0mae3DhTsiHgoNCuu1J9mULQpGCh62zN3PxPTd+qI9tJvk5jOst8WHKQNwJWR3b39t0XvfBB0WQ=="
    },
    "@prisma/streams-local@0.1.11": {
      "integrity": "sha512-0TcebL559MByKqTJ+SsrFIEg228iw8UCVRFckzgfRSiJqczhs+MuAgWOF9lnOIV/IVqvu+KMnFTH0eDeTQMpUg==",
      "dependencies": [
        "ajv",
        "better-result",
        "env-paths",
        "proper-lockfile"
      ]
    },
    "@prisma/studio-core@0.33.0_@types+react@19.2.17_react@19.2.8_react-dom@19.2.8__react@19.2.8": {
      "integrity": "sha512-V2fX/nKEymNTrHXwfP26PGjoLStO35Ogu+ex7CFJbLrMYEcZxxZpiSNOs7px23Hk5mzLWvM5RsqG6Ka+rha+wg==",
      "dependencies": [
        "@radix-ui/react-toggle",
        "@types/react",
        "@visx/curve",
        "@visx/event",
        "@visx/grid",
        "@visx/group",
        "@visx/responsive",
        "@visx/scale",
        "@visx/shape",
        "d3-array@3.2.4",
        "d3-shape",
        "elkjs",
        "react",
        "react-dom"
      ]
    },
    "@radix-ui/primitive@1.1.3": {
      "integrity": "sha512-JTF99U/6XIjCBo0wqkU5sK10glYe27MRRsfwoiq5zzOEZLHU3A3KCMa5X/azekYRCJ0HlwI0crAXS/5dEHTzDg=="
    },
    "@radix-ui/react-compose-refs@1.1.2_@types+react@19.2.17_react@19.2.8": {
      "integrity": "sha512-z4eqJvfiNnFMHIIvXP3CY57y2WJs5g2v3X0zm9mEJkrkNv4rDxu+sg9Jh8EkXyeqBkB7SOcboo9dMVqhyrACIg==",
      "dependencies": [
        "@types/react",
        "react"
      ],
      "optionalPeers": [
        "@types/react"
      ]
    },
    "@radix-ui/react-primitive@2.1.3_@types+react@19.2.17_react@19.2.8_react-dom@19.2.8__react@19.2.8": {
      "integrity": "sha512-m9gTwRkhy2lvCPe6QJp4d3G1TYEUHn/FzJUtq9MjH46an1wJU+GdoGC5VLof8RX8Ft/DlpshApkhswDLZzHIcQ==",
      "dependencies": [
        "@radix-ui/react-slot",
        "@types/react",
        "react",
        "react-dom"
      ],
      "optionalPeers": [
        "@types/react"
      ]
    },
    "@radix-ui/react-slot@1.2.3_@types+react@19.2.17_react@19.2.8": {
      "integrity": "sha512-aeNmHnBxbi2St0au6VBVC7JXFlhLlOnvIIlePNniyUNAClzmtAUEY8/pBiK3iHjufOlwA+c20/8jngo7xcrg8A==",
      "dependencies": [
        "@radix-ui/react-compose-refs",
        "@types/react",
        "react"
      ],
      "optionalPeers": [
        "@types/react"
      ]
    },
    "@radix-ui/react-toggle@1.1.10_@types+react@19.2.17_react@19.2.8_react-dom@19.2.8__react@19.2.8": {
      "integrity": "sha512-lS1odchhFTeZv3xwHH31YPObmJn8gOg7Lq12inrr0+BH/l3Tsq32VfjqH1oh80ARM3mlkfMic15n0kg4sD1poQ==",
      "dependencies": [
        "@radix-ui/primitive",
        "@radix-ui/react-primitive",
        "@radix-ui/react-use-controllable-state",
        "@types/react",
        "react",
        "react-dom"
      ],
      "optionalPeers": [
        "@types/react"
      ]
    },
    "@radix-ui/react-use-controllable-state@1.2.2_@types+react@19.2.17_react@19.2.8": {
      "integrity": "sha512-BjasUjixPFdS+NKkypcyyN5Pmg83Olst0+c6vGov0diwTEo6mgdqVR6hxcEgFuh4QrAs7Rc+9KuGJ9TVCj0Zzg==",
      "dependencies": [
        "@radix-ui/react-use-effect-event",
        "@radix-ui/react-use-layout-effect",
        "@types/react",
        "react"
      ],
      "optionalPeers": [
        "@types/react"
      ]
    },
    "@radix-ui/react-use-effect-event@0.0.2_@types+react@19.2.17_react@19.2.8": {
      "integrity": "sha512-Qp8WbZOBe+blgpuUT+lw2xheLP8q0oatc9UpmiemEICxGvFLYmHm9QowVZGHtJlGbS6A6yJ3iViad/2cVjnOiA==",
      "dependencies": [
        "@radix-ui/react-use-layout-effect",
        "@types/react",
        "react"
      ],
      "optionalPeers": [
        "@types/react"
      ]
    },
    "@radix-ui/react-use-layout-effect@1.1.1_@types+react@19.2.17_react@19.2.8": {
      "integrity": "sha512-RbJRS4UWQFkzHTTwVymMTUv8EqYhOp8dOOviLj2ugtTiXRaRQS7GLGxZTLL1jWhMeoSCf5zmcZkqTl9IiYfXcQ==",
      "dependencies": [
        "@types/react",
        "react"
      ],
      "optionalPeers": [
        "@types/react"
      ]
    },
    "@standard-schema/spec@1.1.0": {
      "integrity": "sha512-l2aFy5jALhniG5HgqrD6jXLi/rUWrKvqN/qJx6yoJsgKhblVd+iqqU4RCXavm/jPityDo5TCvKMnpjKnOriy0w=="
    },
    "@types/d3-array@3.0.3": {
      "integrity": "sha512-Reoy+pKnvsksN0lQUlcH6dOGjRZ/3WRwXR//m+/8lt1BXeI4xyaUZoqULNjyXXRuh0Mj4LNpkCvhUpQlY3X5xQ=="
    },
    "@types/d3-color@3.1.0": {
      "integrity": "sha512-HKuicPHJuvPgCD+np6Se9MQvS6OCbJmOjGvylzMJRlDwUXjKTTXs6Pwgk79O09Vj/ho3u1ofXnhFOaEWWPrlwA=="
    },
    "@types/d3-delaunay@6.0.1": {
      "integrity": "sha512-tLxQ2sfT0p6sxdG75c6f/ekqxjyYR0+LwPrsO1mbC9YDBzPJhs2HbJJRrn8Ez1DBoHRo2yx7YEATI+8V1nGMnQ=="
    },
    "@types/d3-format@3.0.1": {
      "integrity": "sha512-5KY70ifCCzorkLuIkDe0Z9YTf9RR2CjBX1iaJG+rgM/cPP+sO+q9YdQ9WdhQcgPj1EQiJ2/0+yUkkziTG6Lubg=="
    },
    "@types/d3-geo@3.1.0": {
      "integrity": "sha512-856sckF0oP/diXtS4jNsiQw/UuK5fQG8l/a9VVLeSouf1/PPbBE1i1W852zVwKwYCBkFJJB7nCFTbk6UMEXBOQ==",
      "dependencies": [
        "@types/geojson"
      ]
    },
    "@types/d3-interpolate@3.0.1": {
      "integrity": "sha512-jx5leotSeac3jr0RePOH1KdR9rISG91QIE4Q2PYTu4OymLTZfA3SrnURSLzKH48HmXVUru50b8nje4E79oQSQw==",
      "dependencies": [
        "@types/d3-color"
      ]
    },
    "@types/d3-path@3.1.1": {
      "integrity": "sha512-VMZBYyQvbGmWyWVea0EHs/BwLgxc+MKi1zLDCONksozI4YJMcTt8ZEuIR4Sb1MMTE8MMW49v0IwI5+b7RmfWlg=="
    },
    "@types/d3-scale@4.0.2": {
      "integrity": "sha512-Yk4htunhPAwN0XGlIwArRomOjdoBFXC3+kCxK2Ubg7I9shQlVSJy/pG/Ht5ASN+gdMIalpk8TJ5xV74jFsetLA==",
      "dependencies": [
        "@types/d3-time"
      ]
    },
    "@types/d3-shape@3.1.7": {
      "integrity": "sha512-VLvUQ33C+3J+8p+Daf+nYSOsjB4GXp19/S/aGo60m9h1v6XaxjiT82lKVWJCfzhtuZ3yD7i/TPeC/fuKLLOSmg==",
      "dependencies": [
        "@types/d3-path"
      ]
    },
    "@types/d3-time-format@2.1.0": {
      "integrity": "sha512-/myT3I7EwlukNOX2xVdMzb8FRgNzRMpsZddwst9Ld/VFe6LyJyRp0s32l/V9XoUzk+Gqu56F/oGk6507+8BxrA=="
    },
    "@types/d3-time@3.0.0": {
      "integrity": "sha512-sZLCdHvBUcNby1cB6Fd3ZBrABbjz3v1Vm90nysCQ6Vt7vd6e/h9Lt7SiJUoEX0l4Dzc7P5llKyhqSi1ycSf1Hg=="
    },
    "@types/geojson@7946.0.16": {
      "integrity": "sha512-6C8nqWur3j98U6+lXDfTUWIfgvZU+EumvpHKcYjujKH7woYyLj2sUmff0tRhrqM7BohUw7Pz3ZB1jj2gW9Fvmg=="
    },
    "@types/lodash@4.17.24": {
      "integrity": "sha512-gIW7lQLZbue7lRSWEFql49QJJWThrTFFeIMJdp3eH4tKoxm1OvEPg02rm4wCCSHS0cL3/Fizimb35b7k8atwsQ=="
    },
    "@types/react@19.2.17": {
      "integrity": "sha512-MXfmqaVPEVgkBT/aY0aGCkRWWtByiYQXo3xdQ8r5RzuFrPiRn8Gar2tQdXSUQ2GKV3bkXckek89V8wQBY2Q/Aw==",
      "dependencies": [
        "csstype"
      ]
    },
    "@visx/curve@4.0.1-alpha.0": {
      "integrity": "sha512-jRu61Uz274pV1zyioXmboyrLutYbnKsgjj4njSGCnhdXj5GkZvZbg+ThDb6oOzoAnJOBRLz4rzPlWvNJOzuVMg==",
      "dependencies": [
        "@visx/vendor"
      ]
    },
    "@visx/event@4.0.1-alpha.0": {
      "integrity": "sha512-EQqCMSv/s8NbFjo+hz3FKsvvYfP+2QslsFJ/24/O5l/W+7UC6J6aAvO0ujVwrTwdYbuQ+vhxKi1xdPdKR/qj1g==",
      "dependencies": [
        "@types/react",
        "@visx/point"
      ]
    },
    "@visx/grid@4.0.1-alpha.0_react@19.2.8": {
      "integrity": "sha512-rycutGmTHO+znNdPumheWMglm7YfpffvRwUkVy5zy4WoORIuKTMkDxwnOzHG2xMxU3EE/YCd37xFV5AxA30yeg==",
      "dependencies": [
        "@types/react",
        "@visx/curve",
        "@visx/group",
        "@visx/point",
        "@visx/scale",
        "@visx/shape",
        "classnames",
        "react"
      ]
    },
    "@visx/group@4.0.1-alpha.0_react@19.2.8": {
      "integrity": "sha512-V19l7iQ7jccBv8kao/EByuI6o4xtxzzLV9nqVI1hRvmdzTVsuLpqlwzYCZUXJaTVvUWf8s4D2SQFjGkj/Nw+0w==",
      "dependencies": [
        "@types/react",
        "classnames",
        "react"
      ]
    },
    "@visx/point@4.0.1-alpha.0": {
      "integrity": "sha512-ijTfr/Nx09f03vIj9nyTr3z4Xth4Y75427UaogJh6dnIRLMEFHQOwNu791sbfiNj0a+ZXuaE32h0vKrFe4/8Qg=="
    },
    "@visx/responsive@4.0.1-alpha.0_react@19.2.8": {
      "integrity": "sha512-o+1zGywQZY0+yOx3Iw87wc4bbPJRr/HnIukTwfOz4UVyj9pB1OQNVHB7OORO1+LBHJceWpB31co/ZV9KHncKrA==",
      "dependencies": [
        "@types/lodash",
        "@types/react",
        "lodash",
        "react"
      ]
    },
    "@visx/scale@4.0.1-alpha.0": {
      "integrity": "sha512-nzjeE87vFSAXGWFiiNfBpNLAf0Q8Qmf6syvKLjqNi4kGZkdhbUll3E/59YsgWXmjM8+llPLWzGsP+JPvo5eq1A==",
      "dependencies": [
        "@visx/vendor"
      ]
    },
    "@visx/shape@4.0.1-alpha.0_react@19.2.8": {
      "integrity": "sha512-62QeiVNmPlterQGwhkEDcbq7M0MqY0lBsK5QKXtM9ZoPZWkuGV3aykA3+Xu20B2FAvyJq4LqJzBc7Sxr+EAdbA==",
      "dependencies": [
        "@types/lodash",
        "@types/react",
        "@visx/curve",
        "@visx/group",
        "@visx/scale",
        "@visx/vendor",
        "classnames",
        "lodash",
        "react"
      ]
    },
    "@visx/vendor@4.0.0-alpha.0": {
      "integrity": "sha512-6I+MuqXBcv9jnlcVowHoHKSdk9gXTWkHLKyqBwRWg7LY6A3Ei8SHfubpqGV5rBUSppxMq2RszPJUS6w+H0YgmQ==",
      "dependencies": [
        "@types/d3-array",
        "@types/d3-color",
        "@types/d3-delaunay",
        "@types/d3-format",
        "@types/d3-geo",
        "@types/d3-interpolate",
        "@types/d3-path",
        "@types/d3-scale",
        "@types/d3-shape",
        "@types/d3-time",
        "@types/d3-time-format",
        "d3-array@3.2.1",
        "d3-color",
        "d3-delaunay",
        "d3-format",
        "d3-geo",
        "d3-interpolate",
        "d3-path",
        "d3-scale",
        "d3-shape",
        "d3-time",
        "d3-time-format",
        "internmap"
      ]
    },
    "ajv@8.20.0": {
      "integrity": "sha512-Thbli+OlOj+iMPYFBVBfJ3OmCAnaSyNn4M1vz9T6Gka5Jt9ba/HIR56joy65tY6kx/FCF5VXNB819Y7/GUrBGA==",
      "dependencies": [
        "fast-deep-equal",
        "fast-uri",
        "json-schema-traverse",
        "require-from-string"
      ]
    },
    "aws-ssl-profiles@1.1.2": {
      "integrity": "sha512-NZKeq9AfyQvEeNlN0zSYAaWrmBffJh3IELMZfRpJVWgrpEbtEpnjvzqBPf+mxoI287JohRDoa+/nsfqqiZmF6g=="
    },
    "better-result@2.10.0": {
      "integrity": "sha512-oQhh0y1qo2/ZKdAAEvHZAqKKiHOFU5k/bW96fE2ScgQOVkJRiHwB+nOS1SgFsYqRlxMDWvefXi9Q3px7QvgNDw=="
    },
    "c12@3.3.4": {
      "integrity": "sha512-cM0ApFQSBXuourJejzwv/AuPRvAxordTyParRVcHjjtXirtkzM0uK2L9TTn9s0cXZbG7E55jCivRQzoxYmRAlA==",
      "dependencies": [
        "chokidar",
        "confbox",
        "defu",
        "dotenv",
        "exsolve",
        "giget",
        "jiti",
        "ohash",
        "pathe",
        "perfect-debounce",
        "pkg-types",
        "rc9"
      ]
    },
    "chokidar@5.0.0": {
      "integrity": "sha512-TQMmc3w+5AxjpL8iIiwebF73dRDF4fBIieAqGn9RGCWaEVwQ6Fb2cGe31Yns0RRIzii5goJ1Y7xbMwo1TxMplw==",
      "dependencies": [
        "readdirp"
      ]
    },
    "classnames@2.5.1": {
      "integrity": "sha512-saHYOzhIQs6wy2sVxTM6bUDsQO4F50V9RQ22qBpEdCW+I+/Wmke2HOl6lS6dTpdxVhb88/I6+Hs+438c3lfUow=="
    },
    "confbox@0.2.4": {
      "integrity": "sha512-ysOGlgTFbN2/Y6Cg3Iye8YKulHw+R2fNXHrgSmXISQdMnomY6eNDprVdW9R5xBguEqI954+S6709UyiO7B+6OQ=="
    },
    "cross-spawn@7.0.6": {
      "integrity": "sha512-uV2QOWP2nWzsy2aMp8aRibhi9dlzF5Hgh5SHaB9OiTGEyDTiJJyx0uy51QXdyWbtAHNua4XJzUKca3OzKUd3vA==",
      "dependencies": [
        "path-key",
        "shebang-command",
        "which"
      ]
    },
    "csstype@3.2.3": {
      "integrity": "sha512-z1HGKcYy2xA8AGQfwrn0PAy+PB7X/GSj3UVJW9qKyn43xWa+gl5nXmU4qqLMRzWVLFC8KusUX8T/0kCiOYpAIQ=="
    },
    "d3-array@3.2.1": {
      "integrity": "sha512-gUY/qeHq/yNqqoCKNq4vtpFLdoCdvyNpWoC/KNjhGbhDuQpAM9sIQQKkXSNpXa9h5KySs/gzm7R88WkUutgwWQ==",
      "dependencies": [
        "internmap"
      ]
    },
    "d3-array@3.2.4": {
      "integrity": "sha512-tdQAmyA18i4J7wprpYq8ClcxZy3SC31QMeByyCFyRt7BVHdREQZ5lpzoe5mFEYZUWe+oq8HBvk9JjpibyEV4Jg==",
      "dependencies": [
        "internmap"
      ]
    },
    "d3-color@3.1.0": {
      "integrity": "sha512-zg/chbXyeBtMQ1LbD/WSoW2DpC3I0mpmPdW+ynRTj/x2DAWYrIY7qeZIHidozwV24m4iavr15lNwIwLxRmOxhA=="
    },
    "d3-delaunay@6.0.2": {
      "integrity": "sha512-IMLNldruDQScrcfT+MWnazhHbDJhcRJyOEBAJfwQnHle1RPh6WDuLvxNArUju2VSMSUuKlY5BGHRJ2cYyoFLQQ==",
      "dependencies": [
        "delaunator"
      ]
    },
    "d3-format@3.1.0": {
      "integrity": "sha512-YyUI6AEuY/Wpt8KWLgZHsIU86atmikuoOmCfommt0LYHiQSPjvX2AcFc38PX0CBpr2RCyZhjex+NS/LPOv6YqA=="
    },
    "d3-geo@3.1.0": {
      "integrity": "sha512-JEo5HxXDdDYXCaWdwLRt79y7giK8SbhZJbFWXqbRTolCHFI5jRqteLzCsq51NKbUoX0PjBVSohxrx+NoOUujYA==",
      "dependencies": [
        "d3-array@3.2.4"
      ]
    },
    "d3-interpolate@3.0.1": {
      "integrity": "sha512-3bYs1rOD33uo8aqJfKP3JWPAibgw8Zm2+L9vBKEHJ2Rg+viTR7o5Mmv5mZcieN+FRYaAOWX5SJATX6k1PWz72g==",
      "dependencies": [
        "d3-color"
      ]
    },
    "d3-path@3.1.0": {
      "integrity": "sha512-p3KP5HCf/bvjBSSKuXid6Zqijx7wIfNW+J/maPs+iwR35at5JCbLUT0LzF1cnjbCHWhqzQTIN2Jpe8pRebIEFQ=="
    },
    "d3-scale@4.0.2": {
      "integrity": "sha512-GZW464g1SH7ag3Y7hXjf8RoUuAFIqklOAq3MRl4OaWabTFJY9PN/E1YklhXLh+OQ3fM9yS2nOkCoS+WLZ6kvxQ==",
      "dependencies": [
        "d3-array@3.2.4",
        "d3-format",
        "d3-interpolate",
        "d3-time",
        "d3-time-format"
      ]
    },
    "d3-shape@3.2.0": {
      "integrity": "sha512-SaLBuwGm3MOViRq2ABk3eLoxwZELpH6zhl3FbAoJ7Vm1gofKx6El1Ib5z23NUEhF9AsGl7y+dzLe5Cw2AArGTA==",
      "dependencies": [
        "d3-path"
      ]
    },
    "d3-time-format@4.1.0": {
      "integrity": "sha512-dJxPBlzC7NugB2PDLwo9Q8JiTR3M3e4/XANkreKSUxF8vvXKqm1Yfq4Q5dl8budlunRVlUUaDUgFt7eA8D6NLg==",
      "dependencies": [
        "d3-time"
      ]
    },
    "d3-time@3.1.0": {
      "integrity": "sha512-VqKjzBLejbSMT4IgbmVgDjpkYrNWUYJnbCGo874u7MMKIWsILRX+OpX/gTk8MqjpT1A/c6HY2dCA77ZN0lkQ2Q==",
      "dependencies": [
        "d3-array@3.2.4"
      ]
    },
    "deepmerge-ts@7.1.5": {
      "integrity": "sha512-HOJkrhaYsweh+W+e74Yn7YStZOilkoPb6fycpwNLKzSPtruFs48nYis0zy5yJz1+ktUhHxoRDJ27RQAWLIJVJw=="
    },
    "defu@6.1.7": {
      "integrity": "sha512-7z22QmUWiQ/2d0KkdYmANbRUVABpZ9SNYyH5vx6PZ+nE5bcC0l7uFvEfHlyld/HcGBFTL536ClDt3DEcSlEJAQ=="
    },
    "delaunator@5.1.0": {
      "integrity": "sha512-AGrQ4QSgssa1NGmWmLPqN5NY2KajF5MqxetNEO+o0n3ZwZZeTmt7bBnvzHWrmkZFxGgr4HdyFgelzgi06otLuQ==",
      "dependencies": [
        "robust-predicates"
      ]
    },
    "denque@2.1.0": {
      "integrity": "sha512-HVQE3AAb/pxF8fQAoiqpvg9i3evqug3hoiwakOyZAwJm+6vZehbkYXZ0l4JxS+I3QxM97v5aaRNhj8v5oBhekw=="
    },
    "destr@2.0.5": {
      "integrity": "sha512-ugFTXCtDZunbzasqBxrK93Ik/DRYsO6S/fedkWEMKqt04xZ4csmnmwGDBAb07QWNaGMAmnTIemsYZCksjATwsA=="
    },
    "dotenv@17.4.2": {
      "integrity": "sha512-nI4U3TottKAcAD9LLud4Cb7b2QztQMUEfHbvhTH09bqXTxnSie8WnjPALV/WMCrJZ6UV/qHJ6L03OqO3LcdYZw=="
    },
    "effect@3.20.0": {
      "integrity": "sha512-qMLfDJscrNG8p/aw+IkT9W7fgj50Z4wG5bLBy0Txsxz8iUHjDIkOgO3SV0WZfnQbNG2VJYb0b+rDLMrhM4+Krw==",
      "dependencies": [
        "@standard-schema/spec",
        "fast-check"
      ]
    },
    "elkjs@0.11.1": {
      "integrity": "sha512-zxxR9k+rx5ktMwT/FwyLdPCrq7xN6e4VGGHH8hA01vVYKjTFik7nHOxBnAYtrgYUB1RpAiLvA1/U2YraWxyKKg=="
    },
    "empathic@2.0.0": {
      "integrity": "sha512-i6UzDscO/XfAcNYD75CfICkmfLedpyPDdozrLMmQc5ORaQcdMoc21OnlEylMIqI7U8eniKrPMxxtj8k0vhmJhA=="
    },
    "env-paths@3.0.0": {
      "integrity": "sha512-dtJUTepzMW3Lm/NPxRf3wP4642UWhjL2sQxc+ym2YMj1m/H2zDNQOlezafzkHwn6sMstjHTwG6iQQsctDW/b1A=="
    },
    "exsolve@1.1.0": {
      "integrity": "sha512-D+42+T12DdIlJM3uepa55qGiL3sYdLBOxIl2ifQCzCHz4c7eiolaHsi3BIqEr7JxBzxv2pYZQX9kw16ziMcEmw=="
    },
    "fast-check@3.23.2": {
      "integrity": "sha512-h5+1OzzfCC3Ef7VbtKdcv7zsstUQwUDlYpUTvjeUsJAssPgLn7QzbboPtL5ro04Mq0rPOsMzl7q5hIbRs2wD1A==",
      "dependencies": [
        "pure-rand"
      ]
    },
    "fast-decode-uri-component@1.0.1": {
      "integrity": "sha512-WKgKWg5eUxvRZGwW8FvfbaH7AXSh2cL+3j5fMGzUMCxWBJ3dV3a7Wz8y2f/uQ0e3B6WmodD3oS54jTQ9HVTIIg=="
    },
    "fast-deep-equal@3.1.3": {
      "integrity": "sha512-f3qQ9oQy9j2AhBe/H9VC91wLmKBCCU/gDOnKNAYG5hswO7BLKj09Hc5HYNz9cGI++xlpDCIgDaitVs03ATR84Q=="
    },
    "fast-querystring@1.1.2": {
      "integrity": "sha512-g6KuKWmFXc0fID8WWH0jit4g0AGBoJhCkJMb1RmbsSEUNvQ+ZC8D6CUZ+GtF8nMzSPXnhiePyyqqipzNNEnHjg==",
      "dependencies": [
        "fast-decode-uri-component"
      ]
    },
    "fast-uri@3.1.4": {
      "integrity": "sha512-8JnbkQ4juDyvYs4mgFGQqg4yCYtFDtUtmp2QIQq11ZZe5CFQ5wcqm1rqDgAh/QdMySuBnPzMUiJUNZG5N/AiQw=="
    },
    "find-my-way@9.6.0": {
      "integrity": "sha512-Zf4Xve4RymLl7NgaavNebZ01joJ8MfVerOG43wy7SHLO+r+K0C6d/SE0BiR7AV5V1VOCFlOP7ecdo+I4qmiHrQ==",
      "dependencies": [
        "fast-deep-equal",
        "fast-querystring",
        "safe-regex2"
      ]
    },
    "foreground-child@3.3.1": {
      "integrity": "sha512-gIXjKqtFuWEgzFRJA9WCQeSJLZDjgJUOMCMzxtvFq/37KojM1BFGufqsCy0r4qSQmYLsZYMeyRqzIWOMup03sw==",
      "dependencies": [
        "cross-spawn",
        "signal-exit@4.1.0"
      ]
    },
    "generate-function@2.3.1": {
      "integrity": "sha512-eeB5GfMNeevm/GRYq20ShmsaGcmI81kIX2K9XQx5miC8KdHaC6Jm0qQ8ZNeGOi7wYB8OsdxKs+Y2oVuTFuVwKQ==",
      "dependencies": [
        "is-property"
      ]
    },
    "get-port-please@3.2.0": {
      "integrity": "sha512-I9QVvBw5U/hw3RmWpYKRumUeaDgxTPd401x364rLmWBJcOQ753eov1eTgzDqRG9bqFIfDc7gfzcQEWrUri3o1A=="
    },
    "giget@3.3.0": {
      "integrity": "sha512-gzi2D96p+AMfDcmJHGDj3KJ9NRiwvlFAU5yfa3ROwWZmFUjX4P43x3BcyRaOMMLto1vUo7C+86+MFhYTl6Ryiw==",
      "bin": true
    },
    "graceful-fs@4.2.11": {
      "integrity": "sha512-RbJ5/jmFcNNCcDV5o9eTnBLJ/HszWV0P73bc+Ff4nS/rJj+YaS6IGyiOL0VoBYX+l1Wrl3k63h/KrH+nhJ0XvQ=="
    },
    "grammex@3.1.13": {
      "integrity": "sha512-LnPnhOBLEJEVKS8WFDVaA397L9Kq55Q9oSITJiVLHVdhAclfUkWzQv74KhvZHKL2Q09Pb1XdsrOsZ4LfTFFTEg=="
    },
    "graphmatch@1.1.1": {
      "integrity": "sha512-5ykVn/EXM1hF0XCaWh05VbYvEiOL2lY1kBxZtaYsyvjp7cmWOU1XsAdfQBwClraEofXDT197lFbXOEVMHpvQOg=="
    },
    "hono@4.12.31": {
      "integrity": "sha512-zJIHFrl6bq3RDd2YusFNCDlM8qUprxKswyi/OPzPyzKDdyBXDqWx8bZlZ7R+saTdSTatUmb3O7K4SspGPaEOQg=="
    },
    "iconv-lite@0.7.3": {
      "integrity": "sha512-IKXpvIzjnC9XTAUbVBcMfGS0EPaIXtW6v+zr+RRp+hqULEpo0owZax6wyRwPOJbWbzjYspQwusTsfVr0ifh4uQ==",
      "dependencies": [
        "safer-buffer"
      ]
    },
    "internmap@2.0.3": {
      "integrity": "sha512-5Hh7Y1wQbvY5ooGgPbDaL5iYLAPzMTUrjMulskHLH6wnv/A+1q5rgEaiuqEjB+oxGXIVZs1FF+R/KPN3ZSQYYg=="
    },
    "is-property@1.0.2": {
      "integrity": "sha512-Ks/IoX00TtClbGQr4TWXemAnktAQvYB7HzcCxDGqEZU6oCmb2INHuOoKxbtR+HFkmYWBKv/dOZtGRiAjDhj92g=="
    },
    "isexe@2.0.0": {
      "integrity": "sha512-RHxMLp9lnKHGHRng9QFhRCMbYAcVpn69smSGcq3f36xjgVVWThj4qqLbTLlq7Ssj8B+fIQ1EuCEGI2lKsyQeIw=="
    },
    "jiti@2.7.0": {
      "integrity": "sha512-AC/7JofJvZGrrneWNaEnJeOLUx+JlGt7tNa0wZiRPT4MY1wmfKjt2+6O2p2uz2+skll8OZZmJMNqeke7kKbNgQ==",
      "bin": true
    },
    "json-schema-traverse@1.0.0": {
      "integrity": "sha512-NM8/P9n3XjXhIZn1lLhkFaACTOURQXjWhV4BA/RnOv8xvgqtqpAX9IO4mRQxSx1Rlo4tqzeqb0sOlruaOy3dug=="
    },
    "lodash@4.18.1": {
      "integrity": "sha512-dMInicTPVE8d1e5otfwmmjlxkZoUpiVLwyeTdUsi/Caj/gfzzblBcCE5sRHV/AsjuCmxWrte2TNGSYuCeCq+0Q=="
    },
    "long@5.3.2": {
      "integrity": "sha512-mNAgZ1GmyNhD7AuqnTG3/VQ26o760+ZYBPKjPvugO8+nLbYfX6TVpJPseBvopbdY+qpZ/lKUnmEc1LeZYS3QAA=="
    },
    "lru.min@1.1.4": {
      "integrity": "sha512-DqC6n3QQ77zdFpCMASA1a3Jlb64Hv2N2DciFGkO/4L9+q/IpIAuRlKOvCXabtRW6cQf8usbmM6BE/TOPysCdIA=="
    },
    "mysql2@3.15.3": {
      "integrity": "sha512-FBrGau0IXmuqg4haEZRBfHNWB5mUARw6hNwPDXXGg0XzVJ50mr/9hb267lvpVMnhZ1FON3qNd4Xfcez1rbFwSg==",
      "dependencies": [
        "aws-ssl-profiles",
        "denque",
        "generate-function",
        "iconv-lite",
        "long",
        "lru.min",
        "named-placeholders",
        "seq-queue",
        "sqlstring"
      ]
    },
    "named-placeholders@1.1.6": {
      "integrity": "sha512-Tz09sEL2EEuv5fFowm419c1+a/jSMiBjI9gHxVLrVdbUkkNUUfjsVYs9pVZu5oCon/kmRh9TfLEObFtkVxmY0w==",
      "dependencies": [
        "lru.min"
      ]
    },
    "ohash@2.0.11": {
      "integrity": "sha512-RdR9FQrFwNBNXAr4GixM8YaRZRJ5PUWbKYbE5eOsrwAjJW0q2REGcf79oYPsLyskQCZG1PLN+S/K1V00joZAoQ=="
    },
    "openapi3-ts@4.6.0": {
      "integrity": "sha512-a4sfn6L2sIShhtzJqmjGrARvxAW/3F2BJDdyRVvNF9VhAsZSh5hSyI3a9TNvmzBxXmq66nY5LNT5bQcBxYAZZg==",
      "dependencies": [
        "yaml"
      ]
    },
    "path-key@3.1.1": {
      "integrity": "sha512-ojmeN0qd+y0jszEtoY48r0Peq5dwMEkIlCOu6Q5f41lfkswXuKtYrhgoTpLnyIcHm24Uhqx+5Tqm2InSwLhE6Q=="
    },
    "pathe@2.0.3": {
      "integrity": "sha512-WUjGcAqP1gQacoQe+OBJsFA7Ld4DyXuUIjZ5cc75cLHvJ7dtNsTugphxIADwspS+AraAUePCKrSVtPLFj/F88w=="
    },
    "perfect-debounce@2.1.0": {
      "integrity": "sha512-LjgdTytVFXeUgtHZr9WYViYSM/g8MkcTPYDlPa3cDqMirHjKiSZPYd6DoL7pK8AJQr+uWkQvCjHNdiMqsrJs+g=="
    },
    "pkg-types@2.3.1": {
      "integrity": "sha512-y+ichcgc2LrADuhLNAx8DFjVfgz91pRxfZdI3UDhxHvcVEZsenLO+7XaU5vOp0u/7V/wZ+plyuQxtrDlZJ+yeg==",
      "dependencies": [
        "confbox",
        "exsolve",
        "pathe"
      ]
    },
    "postgres@3.4.7": {
      "integrity": "sha512-Jtc2612XINuBjIl/QTWsV5UvE8UHuNblcO3vVADSrKsrc6RqGX6lOW1cEo3CM2v0XG4Nat8nI+YM7/f26VxXLw=="
    },
    "prisma@7.9.0_@types+react@19.2.17_react@19.2.8_react-dom@19.2.8__react@19.2.8": {
      "integrity": "sha512-isQTJEK4pyOlAVzm6kBUDjzgdsgs0A/snpB38ycTHeOHW34qfepP+ClQltgDXqjZBnXALhEtE4duh9L3tN5fHw==",
      "dependencies": [
        "@prisma/config",
        "@prisma/dev",
        "@prisma/engines",
        "@prisma/studio-core",
        "mysql2",
        "postgres"
      ],
      "scripts": true,
      "bin": true
    },
    "proper-lockfile@4.1.2": {
      "integrity": "sha512-TjNPblN4BwAWMXU8s9AEz4JmQxnD1NNL7bNOY/AKUzyamc379FWASUhc/K1pL2noVb+XmZKLL68cjzLsiOAMaA==",
      "dependencies": [
        "graceful-fs",
        "retry",
        "signal-exit@3.0.7"
      ]
    },
    "pure-rand@6.1.0": {
      "integrity": "sha512-bVWawvoZoBYpp6yIoQtQXHZjmz35RSVHnUOTefl8Vcjr8snTPY1wnpSPMWekcFwbxI6gtmT7rSYPFvz71ldiOA=="
    },
    "rc9@3.0.1": {
      "integrity": "sha512-gMDyleLWVE+i6Sgtc0QbbY6pEKqYs97NGi6isHQPqYlLemPoO8dxQ3uGi0f4NiP98c+jMW6cG1Kx9dDwfvqARQ==",
      "dependencies": [
        "defu",
        "destr"
      ]
    },
    "react-dom@19.2.8_react@19.2.8": {
      "integrity": "sha512-rVprimfGBG3DR+Tq0IQG2DT5PxKth1WIGDmj5yPmlzr4YBe7uyE+Du4oVqTDXZSHGGGXRtTJEGSSePyQCMBglQ==",
      "dependencies": [
        "react",
        "scheduler"
      ]
    },
    "react@19.2.8": {
      "integrity": "sha512-PWaYA1L/q9u2u7xYQi+Y3L3Yfnie7XyLeaJICV1MGD6LprsBxcAqGjYyr0eY3p+QdsA+x/Irkt4Qif8D63+Sbw=="
    },
    "readdirp@5.0.0": {
      "integrity": "sha512-9u/XQ1pvrQtYyMpZe7DXKv2p5CNvyVwzUB6uhLAnQwHMSgKMBR62lc7AHljaeteeHXn11XTAaLLUVZYVZyuRBQ=="
    },
    "remeda@2.33.4": {
      "integrity": "sha512-ygHswjlc/opg2VrtiYvUOPLjxjtdKvjGz1/plDhkG66hjNjFr1xmfrs2ClNFo/E6TyUFiwYNh53bKV26oBoMGQ=="
    },
    "require-from-string@2.0.2": {
      "integrity": "sha512-Xf0nWe6RseziFMu+Ap9biiUbmplq6S9/p+7w7YXP/JBHhrUDDUhwa+vANyubuqfZWTveU//DYVGsDG7RKL/vEw=="
    },
    "ret@0.5.0": {
      "integrity": "sha512-I1XxrZSQ+oErkRR4jYbAyEEu2I0avBvvMM5JN+6EBprOGRCs63ENqZ3vjavq8fBw2+62G5LF5XelKwuJpcvcxw=="
    },
    "retry@0.12.0": {
      "integrity": "sha512-9LkiTwjUh6rT555DtE9rTX+BKByPfrMzEAtnlEtdEwr3Nkffwiihqe2bWADg+OQRjt9gl6ICdmB/ZFDCGAtSow=="
    },
    "robust-predicates@3.0.3": {
      "integrity": "sha512-NS3levdsRIUOmiJ8FZWCP7LG3QpJyrs/TE0Zpf1yvZu8cAJJ6QMW92H1c7kWpdIHo8RvmLxN/o2JXTKHp74lUA=="
    },
    "safe-regex2@5.1.1": {
      "integrity": "sha512-mOSBvHGDZMuIEZMdOz/aCEYDCv0E7nfcNsIhUF+/P+xC7Hyf3FkvymqgPbg9D1EdSGu+uKbJgy09K/RKKc7kJA==",
      "dependencies": [
        "ret"
      ],
      "bin": true
    },
    "safer-buffer@2.1.2": {
      "integrity": "sha512-YZo3K82SD7Riyi0E1EQPojLz7kpepnSQI9IyPbHHg1XXXevb5dJI7tpyN2ADxGcQbHG7vcyRHk0cbwqcQriUtg=="
    },
    "scheduler@0.27.0": {
      "integrity": "sha512-eNv+WrVbKu1f3vbYJT/xtiF5syA5HPIMtf9IgY/nKg0sWqzAUEvqY/xm7OcZc/qafLx/iO9FgOmeSAp4v5ti/Q=="
    },
    "seq-queue@0.0.5": {
      "integrity": "sha512-hr3Wtp/GZIc/6DAGPDcV4/9WoZhjrkXsi5B/07QgX8tsdc6ilr7BFM6PM6rbdAX1kFSDYeZGLipIZZKyQP0O5Q=="
    },
    "shebang-command@2.0.0": {
      "integrity": "sha512-kHxr2zZpYtdmrN1qDjrrX/Z1rR1kG8Dx+gkpK1G4eXmvXswmcE1hTWBWYUzlraYw1/yZp6YuDY77YtvbN0dmDA==",
      "dependencies": [
        "shebang-regex"
      ]
    },
    "shebang-regex@3.0.0": {
      "integrity": "sha512-7++dFhtcx3353uBaq8DDR4NuxBetBzC7ZQOhmTQInHEd6bSrXdiEyzCvG07Z44UYdLShWUyXt5M/yhz8ekcb1A=="
    },
    "signal-exit@3.0.7": {
      "integrity": "sha512-wnD2ZE+l+SPC/uoS0vXeE9L1+0wuaMqKlfz9AMUo38JsyLSBWSFcHR1Rri62LZc12vLr1gb3jl7iwQhgwpAbGQ=="
    },
    "signal-exit@4.1.0": {
      "integrity": "sha512-bzyZ1e88w9O1iNJbKnOlvYTrWPDl46O1bG0D3XInv+9tkPrxrN8jUUTiFlDkkmKWgn1M6CfIA13SuGqOa9Korw=="
    },
    "sqlstring@2.3.3": {
      "integrity": "sha512-qC9iz2FlN7DQl3+wjwn3802RTyjCx7sDvfQEXchwa6CWOx07/WVfh91gBmQ9fahw8snwGEWU3xGzOt4tFyHLxg=="
    },
    "std-env@3.10.0": {
      "integrity": "sha512-5GS12FdOZNliM5mAOxFRg7Ir0pWz8MdpYm6AY6VPkGpbA7ZzmbzNcBJQ0GPvvyWgcY7QAhCgf9Uy89I03faLkg=="
    },
    "valibot@1.2.0": {
      "integrity": "sha512-mm1rxUsmOxzrwnX5arGS+U4T25RdvpPjPN4yR0u9pUBov9+zGVtO84tif1eY4r6zWxVxu3KzIyknJy3rxfRZZg=="
    },
    "which@2.0.2": {
      "integrity": "sha512-BLI3Tl1TW3Pvl70l3yq3Y64i+awpwXqsGBYWkkqMtnbXgrMD+yj7rhW0kuEDxzJaYXGjEW5ogapKNMEKNMjibA==",
      "dependencies": [
        "isexe"
      ],
      "bin": true
    },
    "yaml@2.9.0": {
      "integrity": "sha512-2AvhNX3mb8zd6Zy7INTtSpl1F15HW6Wnqj0srWlkKLcpYl/gMIMJiyuGq2KeI2YFxUPjdlB+3Lc10seMLtL4cA==",
      "bin": true
    },
    "zeptomatch@2.1.0": {
      "integrity": "sha512-KiGErG2J0G82LSpniV0CtIzjlJ10E04j02VOudJsPyPwNZgGnRKQy7I1R7GMyg/QswnE4l7ohSGrQbQbjXPPDA==",
      "dependencies": [
        "grammex",
        "graphmatch"
      ]
    },
    "zod@4.4.3": {
      "integrity": "sha512-ytENFjIJFl2UwYglde2jchW2Hwm4GJFLDiSXWdTrJQBIN9Fcyp7n4DhxJEiWNAJMV1/BqWfW/kkg71UDcHJyTQ=="
    }
  },
  "workspace": {
    "dependencies": [
      "jsr:@std/assert@1",
      "npm:@hono/swagger-ui@~0.6.1",
      "npm:@hono/zod-openapi@^1.5.1",
      "npm:@hono/zod-validator@0.9",
      "npm:hono@^4.12.31",
      "npm:zod@^4.4.3"
    ],
    "members": {
      "packages/db": {
        "dependencies": [
          "npm:@prisma/client@^7.9.0",
          "npm:prisma@^7.9.0"
        ]
      },
      "packages/leaderboard": {
        "dependencies": [
          "npm:@hono/zod-openapi@^1.5.1",
          "npm:zod@^4.4.3"
        ]
      }
    }
  }
}
